
Microsoft Visual Studio Solution File, Format Version 12.00
# Visual Studio Version 17
VisualStudioVersion = 17.2.32516.85
MinimumVisualStudioVersion = 10.0.40219.1
Project("{FAE04EC0-301F-11D3-BF4B-00C04F79EFBC}") = "BlazorTextarea", "BlazorTextarea.csproj", "{00274DE0-A30A-4968-B071-32EB6605B187}"
EndProject
Global
	GlobalSection(SolutionConfigurationPlatforms) = preSolution
		Debug|Any CPU = Debug|Any CPU
		Release|Any CPU = Release|Any CPU
	EndGlobalSection
	GlobalSection(ProjectConfigurationPlatforms) = postSolution
		{00274DE0-A30A-4968-B071-32EB6605B187}.Debug|Any CPU.ActiveCfg = Debug|Any CPU
		{00274DE0-A30A-4968-B071-32EB6605B187}.Debug|Any CPU.Build.0 = Debug|Any CPU
		{00274DE0-A30A-4968-B071-32EB6605B187}.Release|Any CPU.ActiveCfg = Release|Any CPU
		{00274DE0-A30A-4968-B071-32EB6605B187}.Release|Any CPU.Build.0 = Release|Any CPU
	EndGlobalSection
	GlobalSection(SolutionProperties) = preSolution
		HideSolutionNode = FALSE
	EndGlobalSection
	GlobalSection(ExtensibilityGlobals) = postSolution
		SolutionGuid = {A710763D-C363-4A76-84FB-3B56A9B1B1A6}
	EndGlobalSection
EndGlobal
