
Microsoft Visual Studio Solution File, Format Version 12.00
# Visual Studio Version 17
VisualStudioVersion = 17.2.32516.85
MinimumVisualStudioVersion = 10.0.40219.1
Project("{FAE04EC0-301F-11D3-BF4B-00C04F79EFBC}") = "BlazorTextareaWasmDemo.Server", "Server\BlazorTextareaWasmDemo.Server.csproj", "{AE146DC6-52AB-4772-9D3A-9748D9D3A2FC}"
EndProject
Project("{FAE04EC0-301F-11D3-BF4B-00C04F79EFBC}") = "BlazorTextareaWasmDemo.Client", "Client\BlazorTextareaWasmDemo.Client.csproj", "{5EC90D81-F7F6-43A3-9DCF-3DDF7D5EDC10}"
EndProject
Project("{FAE04EC0-301F-11D3-BF4B-00C04F79EFBC}") = "BlazorTextareaWasmDemo.Shared", "Shared\BlazorTextareaWasmDemo.Shared.csproj", "{8F3F2F19-A4BF-420C-8558-ACE66BD43441}"
EndProject
Project("{9A19103F-16F7-4668-BE54-9A1E7A4F7556}") = "BlazorTextarea", "..\..\..\..\src\BlazorTextarea\BlazorTextarea.csproj", "{4A4CE26C-2865-49E7-B87A-DC737D838043}"
EndProject
Global
	GlobalSection(SolutionConfigurationPlatforms) = preSolution
		Debug|Any CPU = Debug|Any CPU
		Release|Any CPU = Release|Any CPU
	EndGlobalSection
	GlobalSection(ProjectConfigurationPlatforms) = postSolution
		{AE146DC6-52AB-4772-9D3A-9748D9D3A2FC}.Debug|Any CPU.ActiveCfg = Debug|Any CPU
		{AE146DC6-52AB-4772-9D3A-9748D9D3A2FC}.Debug|Any CPU.Build.0 = Debug|Any CPU
		{AE146DC6-52AB-4772-9D3A-9748D9D3A2FC}.Release|Any CPU.ActiveCfg = Release|Any CPU
		{AE146DC6-52AB-4772-9D3A-9748D9D3A2FC}.Release|Any CPU.Build.0 = Release|Any CPU
		{5EC90D81-F7F6-43A3-9DCF-3DDF7D5EDC10}.Debug|Any CPU.ActiveCfg = Debug|Any CPU
		{5EC90D81-F7F6-43A3-9DCF-3DDF7D5EDC10}.Debug|Any CPU.Build.0 = Debug|Any CPU
		{5EC90D81-F7F6-43A3-9DCF-3DDF7D5EDC10}.Release|Any CPU.ActiveCfg = Release|Any CPU
		{5EC90D81-F7F6-43A3-9DCF-3DDF7D5EDC10}.Release|Any CPU.Build.0 = Release|Any CPU
		{8F3F2F19-A4BF-420C-8558-ACE66BD43441}.Debug|Any CPU.ActiveCfg = Debug|Any CPU
		{8F3F2F19-A4BF-420C-8558-ACE66BD43441}.Debug|Any CPU.Build.0 = Debug|Any CPU
		{8F3F2F19-A4BF-420C-8558-ACE66BD43441}.Release|Any CPU.ActiveCfg = Release|Any CPU
		{8F3F2F19-A4BF-420C-8558-ACE66BD43441}.Release|Any CPU.Build.0 = Release|Any CPU
		{4A4CE26C-2865-49E7-B87A-DC737D838043}.Debug|Any CPU.ActiveCfg = Debug|Any CPU
		{4A4CE26C-2865-49E7-B87A-DC737D838043}.Debug|Any CPU.Build.0 = Debug|Any CPU
		{4A4CE26C-2865-49E7-B87A-DC737D838043}.Release|Any CPU.ActiveCfg = Release|Any CPU
		{4A4CE26C-2865-49E7-B87A-DC737D838043}.Release|Any CPU.Build.0 = Release|Any CPU
	EndGlobalSection
	GlobalSection(SolutionProperties) = preSolution
		HideSolutionNode = FALSE
	EndGlobalSection
	GlobalSection(ExtensibilityGlobals) = postSolution
		SolutionGuid = {42C59B1A-DACD-413E-A995-0D06E4505D6C}
	EndGlobalSection
EndGlobal
